
Microsoft Visual Studio Solution File, Format Version 12.00
# Visual Studio Version 17
VisualStudioVersion = 17.13.35825.156
MinimumVisualStudioVersion = 10.0.40219.1
Project("{9A19103F-16F7-4668-BE54-9A1E7A4F7556}") = "APP", "APP\APP.csproj", "{91D6DC4D-5FB3-42AA-BBAA-AB8391F58D23}"
EndProject
Project("{FAE04EC0-301F-11D3-BF4B-00C04F79EFBC}") = "Cognitive.UnitTests", "Cognitive.UnitTests\Cognitive.UnitTests.csproj", "{CEF0E029-81A2-4F7B-B11C-7C8317FB4232}"
EndProject
Global
	GlobalSection(SolutionConfigurationPlatforms) = preSolution
		Debug|Any CPU = Debug|Any CPU
		Release|Any CPU = Release|Any CPU
	EndGlobalSection
	GlobalSection(ProjectConfigurationPlatforms) = postSolution
		{91D6DC4D-5FB3-42AA-BBAA-AB8391F58D23}.Debug|Any CPU.ActiveCfg = Debug|Any CPU
		{91D6DC4D-5FB3-42AA-BBAA-AB8391F58D23}.Debug|Any CPU.Build.0 = Debug|Any CPU
		{91D6DC4D-5FB3-42AA-BBAA-AB8391F58D23}.Release|Any CPU.ActiveCfg = Release|Any CPU
		{91D6DC4D-5FB3-42AA-BBAA-AB8391F58D23}.Release|Any CPU.Build.0 = Release|Any CPU
		{CEF0E029-81A2-4F7B-B11C-7C8317FB4232}.Debug|Any CPU.ActiveCfg = Debug|Any CPU
		{CEF0E029-81A2-4F7B-B11C-7C8317FB4232}.Debug|Any CPU.Build.0 = Debug|Any CPU
		{CEF0E029-81A2-4F7B-B11C-7C8317FB4232}.Release|Any CPU.ActiveCfg = Release|Any CPU
		{CEF0E029-81A2-4F7B-B11C-7C8317FB4232}.Release|Any CPU.Build.0 = Release|Any CPU
	EndGlobalSection
	GlobalSection(SolutionProperties) = preSolution
		HideSolutionNode = FALSE
	EndGlobalSection
	GlobalSection(ExtensibilityGlobals) = postSolution
		SolutionGuid = {AD9440C1-8EDE-4081-9238-162242588BC7}
	EndGlobalSection
EndGlobal
